
Microsoft Visual Studio Solution File, Format Version 12.00
# Visual Studio Version 17
VisualStudioVersion = 17.9.34728.123
MinimumVisualStudioVersion = 10.0.40219.1
Project("{FAE04EC0-301F-11D3-BF4B-00C04F79EFBC}") = "CQ11StarStart", "CQ11StarStart\CQ11StarStart.csproj", "{59420020-A74D-43CA-8D52-1C203697700C}"
EndProject
Global
	GlobalSection(SolutionConfigurationPlatforms) = preSolution
		Debug|Any CPU = Debug|Any CPU
		Release|Any CPU = Release|Any CPU
	EndGlobalSection
	GlobalSection(ProjectConfigurationPlatforms) = postSolution
		{59420020-A74D-43CA-8D52-1C203697700C}.Debug|Any CPU.ActiveCfg = Debug|Any CPU
		{59420020-A74D-43CA-8D52-1C203697700C}.Debug|Any CPU.Build.0 = Debug|Any CPU
		{59420020-A74D-43CA-8D52-1C203697700C}.Release|Any CPU.ActiveCfg = Release|Any CPU
		{59420020-A74D-43CA-8D52-1C203697700C}.Release|Any CPU.Build.0 = Release|Any CPU
	EndGlobalSection
	GlobalSection(SolutionProperties) = preSolution
		HideSolutionNode = FALSE
	EndGlobalSection
	GlobalSection(ExtensibilityGlobals) = postSolution
		SolutionGuid = {5C80486A-5707-4DE8-94A6-CA7F82F67ED8}
	EndGlobalSection
EndGlobal
